
Microsoft Visual Studio Solution File, Format Version 12.00
# Visual Studio Version 17
VisualStudioVersion = 17.11.35312.102
MinimumVisualStudioVersion = 10.0.40219.1
Project("{FAE04EC0-301F-11D3-BF4B-00C04F79EFBC}") = "Project-5-Space-Craft", "Project-5-Space-Craft\Project-5-Space-Craft.csproj", "{C405E3B7-5E4C-4256-8B5B-D3CCD817CE9D}"
EndProject
Global
	GlobalSection(SolutionConfigurationPlatforms) = preSolution
		Debug|Any CPU = Debug|Any CPU
		Release|Any CPU = Release|Any CPU
	EndGlobalSection
	GlobalSection(ProjectConfigurationPlatforms) = postSolution
		{C405E3B7-5E4C-4256-8B5B-D3CCD817CE9D}.Debug|Any CPU.ActiveCfg = Debug|Any CPU
		{C405E3B7-5E4C-4256-8B5B-D3CCD817CE9D}.Debug|Any CPU.Build.0 = Debug|Any CPU
		{C405E3B7-5E4C-4256-8B5B-D3CCD817CE9D}.Release|Any CPU.ActiveCfg = Release|Any CPU
		{C405E3B7-5E4C-4256-8B5B-D3CCD817CE9D}.Release|Any CPU.Build.0 = Release|Any CPU
	EndGlobalSection
	GlobalSection(SolutionProperties) = preSolution
		HideSolutionNode = FALSE
	EndGlobalSection
	GlobalSection(ExtensibilityGlobals) = postSolution
		SolutionGuid = {5C0FBCD0-DF2A-459E-8BCE-06A4224D2695}
	EndGlobalSection
EndGlobal
