
Microsoft Visual Studio Solution File, Format Version 12.00
# Visual Studio Version 17
VisualStudioVersion = 17.11.35312.102
MinimumVisualStudioVersion = 10.0.40219.1
Project("{9A19103F-16F7-4668-BE54-9A1E7A4F7556}") = "Payload Ops", "Project-5-Space-Craft\Payload Ops.csproj", "{C405E3B7-5E4C-4256-8B5B-D3CCD817CE9D}"
EndProject
Project("{9A19103F-16F7-4668-BE54-9A1E7A4F7556}") = "Uplink Downlink", "Uplink Downlink\Uplink Downlink.csproj", "{5ECFE1FC-9CBA-48DF-B2F0-FF4BE1FEE7BF}"
EndProject
Project("{9A19103F-16F7-4668-BE54-9A1E7A4F7556}") = "C&D", "C&D\C&D.csproj", "{E7338490-941F-48ED-8B85-7087E59C0F62}"
EndProject
Project("{9A19103F-16F7-4668-BE54-9A1E7A4F7556}") = "Payload Ops Tests", "Payload Ops Tests\Payload Ops Tests.csproj", "{41F2CF56-E0F4-4074-A50E-DD8A460E190D}"
EndProject
Project("{9A19103F-16F7-4668-BE54-9A1E7A4F7556}") = "LinkServer", "LinkServer\LinkServer.csproj", "{A7E8BE6A-5774-439F-9C0A-B81811A877DF}"
EndProject
Project("{9A19103F-16F7-4668-BE54-9A1E7A4F7556}") = "Uplink Downlink Tests", "Uplink Downlink Tests\Uplink Downlink Tests.csproj", "{7F2A5E31-8E94-4E02-8D87-60B1AD42797F}"
EndProject
Global
	GlobalSection(SolutionConfigurationPlatforms) = preSolution
		Debug|Any CPU = Debug|Any CPU
		Release|Any CPU = Release|Any CPU
	EndGlobalSection
	GlobalSection(ProjectConfigurationPlatforms) = postSolution
		{C405E3B7-5E4C-4256-8B5B-D3CCD817CE9D}.Debug|Any CPU.ActiveCfg = Debug|Any CPU
		{C405E3B7-5E4C-4256-8B5B-D3CCD817CE9D}.Debug|Any CPU.Build.0 = Debug|Any CPU
		{C405E3B7-5E4C-4256-8B5B-D3CCD817CE9D}.Release|Any CPU.ActiveCfg = Release|Any CPU
		{C405E3B7-5E4C-4256-8B5B-D3CCD817CE9D}.Release|Any CPU.Build.0 = Release|Any CPU
		{5ECFE1FC-9CBA-48DF-B2F0-FF4BE1FEE7BF}.Debug|Any CPU.ActiveCfg = Debug|Any CPU
		{5ECFE1FC-9CBA-48DF-B2F0-FF4BE1FEE7BF}.Debug|Any CPU.Build.0 = Debug|Any CPU
		{5ECFE1FC-9CBA-48DF-B2F0-FF4BE1FEE7BF}.Release|Any CPU.ActiveCfg = Release|Any CPU
		{5ECFE1FC-9CBA-48DF-B2F0-FF4BE1FEE7BF}.Release|Any CPU.Build.0 = Release|Any CPU
		{E7338490-941F-48ED-8B85-7087E59C0F62}.Debug|Any CPU.ActiveCfg = Debug|Any CPU
		{E7338490-941F-48ED-8B85-7087E59C0F62}.Debug|Any CPU.Build.0 = Debug|Any CPU
		{E7338490-941F-48ED-8B85-7087E59C0F62}.Release|Any CPU.ActiveCfg = Release|Any CPU
		{E7338490-941F-48ED-8B85-7087E59C0F62}.Release|Any CPU.Build.0 = Release|Any CPU
		{41F2CF56-E0F4-4074-A50E-DD8A460E190D}.Debug|Any CPU.ActiveCfg = Debug|Any CPU
		{41F2CF56-E0F4-4074-A50E-DD8A460E190D}.Debug|Any CPU.Build.0 = Debug|Any CPU
		{41F2CF56-E0F4-4074-A50E-DD8A460E190D}.Release|Any CPU.ActiveCfg = Release|Any CPU
		{41F2CF56-E0F4-4074-A50E-DD8A460E190D}.Release|Any CPU.Build.0 = Release|Any CPU
		{A7E8BE6A-5774-439F-9C0A-B81811A877DF}.Debug|Any CPU.ActiveCfg = Debug|Any CPU
		{A7E8BE6A-5774-439F-9C0A-B81811A877DF}.Debug|Any CPU.Build.0 = Debug|Any CPU
		{A7E8BE6A-5774-439F-9C0A-B81811A877DF}.Release|Any CPU.ActiveCfg = Release|Any CPU
		{A7E8BE6A-5774-439F-9C0A-B81811A877DF}.Release|Any CPU.Build.0 = Release|Any CPU
		{7F2A5E31-8E94-4E02-8D87-60B1AD42797F}.Debug|Any CPU.ActiveCfg = Debug|Any CPU
		{7F2A5E31-8E94-4E02-8D87-60B1AD42797F}.Debug|Any CPU.Build.0 = Debug|Any CPU
		{7F2A5E31-8E94-4E02-8D87-60B1AD42797F}.Release|Any CPU.ActiveCfg = Release|Any CPU
		{7F2A5E31-8E94-4E02-8D87-60B1AD42797F}.Release|Any CPU.Build.0 = Release|Any CPU
	EndGlobalSection
	GlobalSection(SolutionProperties) = preSolution
		HideSolutionNode = FALSE
	EndGlobalSection
	GlobalSection(ExtensibilityGlobals) = postSolution
		SolutionGuid = {5C0FBCD0-DF2A-459E-8BCE-06A4224D2695}
	EndGlobalSection
EndGlobal
